
Microsoft Visual Studio Solution File, Format Version 12.00
# Visual Studio Version 17
VisualStudioVersion = 17.9.34616.47
MinimumVisualStudioVersion = 10.0.40219.1
Project("{9A19103F-16F7-4668-BE54-9A1E7A4F7556}") = "TarkovDumper", "TarkovDumper.csproj", "{D9DCE6AA-CD9B-451E-8D60-6F0FA64B72AB}"
EndProject
Global
	GlobalSection(SolutionConfigurationPlatforms) = preSolution
		Debug|Any CPU = Debug|Any CPU
		Release|Any CPU = Release|Any CPU
	EndGlobalSection
	GlobalSection(ProjectConfigurationPlatforms) = postSolution
		{D9DCE6AA-CD9B-451E-8D60-6F0FA64B72AB}.Debug|Any CPU.ActiveCfg = Debug|Any CPU
		{D9DCE6AA-CD9B-451E-8D60-6F0FA64B72AB}.Debug|Any CPU.Build.0 = Debug|Any CPU
		{D9DCE6AA-CD9B-451E-8D60-6F0FA64B72AB}.Release|Any CPU.ActiveCfg = Release|Any CPU
		{D9DCE6AA-CD9B-451E-8D60-6F0FA64B72AB}.Release|Any CPU.Build.0 = Release|Any CPU
	EndGlobalSection
	GlobalSection(SolutionProperties) = preSolution
		HideSolutionNode = FALSE
	EndGlobalSection
	GlobalSection(ExtensibilityGlobals) = postSolution
		SolutionGuid = {1BCDB373-DB74-4814-AEFF-5373955E9D6D}
	EndGlobalSection
EndGlobal
